
Microsoft Visual Studio Solution File, Format Version 12.00
# Visual Studio 15
VisualStudioVersion = 15.0.26124.0
MinimumVisualStudioVersion = 15.0.26124.0
Project("{F2A71F9B-5D33-465A-A702-920D77279786}") = "Core", "Core\Core.fsproj", "{757C66A5-07D7-44C8-847F-9B432CA88993}"
EndProject
Project("{F2A71F9B-5D33-465A-A702-920D77279786}") = "Tests", "Tests\Tests.fsproj", "{1BCF2E68-3EFB-49B0-AE99-9072A701AE44}"
EndProject
Project("{F2A71F9B-5D33-465A-A702-920D77279786}") = "Console", "Console\Console.fsproj", "{8A184059-DF7F-4DDD-8D67-25BDEBE2A3F7}"
EndProject
Global
	GlobalSection(SolutionConfigurationPlatforms) = preSolution
		Debug|Any CPU = Debug|Any CPU
		Debug|x64 = Debug|x64
		Debug|x86 = Debug|x86
		Release|Any CPU = Release|Any CPU
		Release|x64 = Release|x64
		Release|x86 = Release|x86
	EndGlobalSection
	GlobalSection(SolutionProperties) = preSolution
		HideSolutionNode = FALSE
	EndGlobalSection
	GlobalSection(ProjectConfigurationPlatforms) = postSolution
		{757C66A5-07D7-44C8-847F-9B432CA88993}.Debug|Any CPU.ActiveCfg = Debug|Any CPU
		{757C66A5-07D7-44C8-847F-9B432CA88993}.Debug|Any CPU.Build.0 = Debug|Any CPU
		{757C66A5-07D7-44C8-847F-9B432CA88993}.Debug|x64.ActiveCfg = Debug|Any CPU
		{757C66A5-07D7-44C8-847F-9B432CA88993}.Debug|x64.Build.0 = Debug|Any CPU
		{757C66A5-07D7-44C8-847F-9B432CA88993}.Debug|x86.ActiveCfg = Debug|Any CPU
		{757C66A5-07D7-44C8-847F-9B432CA88993}.Debug|x86.Build.0 = Debug|Any CPU
		{757C66A5-07D7-44C8-847F-9B432CA88993}.Release|Any CPU.ActiveCfg = Release|Any CPU
		{757C66A5-07D7-44C8-847F-9B432CA88993}.Release|Any CPU.Build.0 = Release|Any CPU
		{757C66A5-07D7-44C8-847F-9B432CA88993}.Release|x64.ActiveCfg = Release|Any CPU
		{757C66A5-07D7-44C8-847F-9B432CA88993}.Release|x64.Build.0 = Release|Any CPU
		{757C66A5-07D7-44C8-847F-9B432CA88993}.Release|x86.ActiveCfg = Release|Any CPU
		{757C66A5-07D7-44C8-847F-9B432CA88993}.Release|x86.Build.0 = Release|Any CPU
		{1BCF2E68-3EFB-49B0-AE99-9072A701AE44}.Debug|Any CPU.ActiveCfg = Debug|Any CPU
		{1BCF2E68-3EFB-49B0-AE99-9072A701AE44}.Debug|Any CPU.Build.0 = Debug|Any CPU
		{1BCF2E68-3EFB-49B0-AE99-9072A701AE44}.Debug|x64.ActiveCfg = Debug|Any CPU
		{1BCF2E68-3EFB-49B0-AE99-9072A701AE44}.Debug|x64.Build.0 = Debug|Any CPU
		{1BCF2E68-3EFB-49B0-AE99-9072A701AE44}.Debug|x86.ActiveCfg = Debug|Any CPU
		{1BCF2E68-3EFB-49B0-AE99-9072A701AE44}.Debug|x86.Build.0 = Debug|Any CPU
		{1BCF2E68-3EFB-49B0-AE99-9072A701AE44}.Release|Any CPU.ActiveCfg = Release|Any CPU
		{1BCF2E68-3EFB-49B0-AE99-9072A701AE44}.Release|Any CPU.Build.0 = Release|Any CPU
		{1BCF2E68-3EFB-49B0-AE99-9072A701AE44}.Release|x64.ActiveCfg = Release|Any CPU
		{1BCF2E68-3EFB-49B0-AE99-9072A701AE44}.Release|x64.Build.0 = Release|Any CPU
		{1BCF2E68-3EFB-49B0-AE99-9072A701AE44}.Release|x86.ActiveCfg = Release|Any CPU
		{1BCF2E68-3EFB-49B0-AE99-9072A701AE44}.Release|x86.Build.0 = Release|Any CPU
		{8A184059-DF7F-4DDD-8D67-25BDEBE2A3F7}.Debug|Any CPU.ActiveCfg = Debug|Any CPU
		{8A184059-DF7F-4DDD-8D67-25BDEBE2A3F7}.Debug|Any CPU.Build.0 = Debug|Any CPU
		{8A184059-DF7F-4DDD-8D67-25BDEBE2A3F7}.Debug|x64.ActiveCfg = Debug|Any CPU
		{8A184059-DF7F-4DDD-8D67-25BDEBE2A3F7}.Debug|x64.Build.0 = Debug|Any CPU
		{8A184059-DF7F-4DDD-8D67-25BDEBE2A3F7}.Debug|x86.ActiveCfg = Debug|Any CPU
		{8A184059-DF7F-4DDD-8D67-25BDEBE2A3F7}.Debug|x86.Build.0 = Debug|Any CPU
		{8A184059-DF7F-4DDD-8D67-25BDEBE2A3F7}.Release|Any CPU.ActiveCfg = Release|Any CPU
		{8A184059-DF7F-4DDD-8D67-25BDEBE2A3F7}.Release|Any CPU.Build.0 = Release|Any CPU
		{8A184059-DF7F-4DDD-8D67-25BDEBE2A3F7}.Release|x64.ActiveCfg = Release|Any CPU
		{8A184059-DF7F-4DDD-8D67-25BDEBE2A3F7}.Release|x64.Build.0 = Release|Any CPU
		{8A184059-DF7F-4DDD-8D67-25BDEBE2A3F7}.Release|x86.ActiveCfg = Release|Any CPU
		{8A184059-DF7F-4DDD-8D67-25BDEBE2A3F7}.Release|x86.Build.0 = Release|Any CPU
	EndGlobalSection
EndGlobal
